
Microsoft Visual Studio Solution File, Format Version 12.00
# Visual Studio Version 17
VisualStudioVersion = 17.4.33403.182
MinimumVisualStudioVersion = 10.0.40219.1
Project("{FAE04EC0-301F-11D3-BF4B-00C04F79EFBC}") = "MagicVilla_VillaAPI", "MagicVilla_VillaAPI\MagicVilla_VillaAPI.csproj", "{F57FDA5B-E862-4AC6-8E82-842B7E812827}"
EndProject
Global
	GlobalSection(SolutionConfigurationPlatforms) = preSolution
		Debug|Any CPU = Debug|Any CPU
		Release|Any CPU = Release|Any CPU
	EndGlobalSection
	GlobalSection(ProjectConfigurationPlatforms) = postSolution
		{F57FDA5B-E862-4AC6-8E82-842B7E812827}.Debug|Any CPU.ActiveCfg = Debug|Any CPU
		{F57FDA5B-E862-4AC6-8E82-842B7E812827}.Debug|Any CPU.Build.0 = Debug|Any CPU
		{F57FDA5B-E862-4AC6-8E82-842B7E812827}.Release|Any CPU.ActiveCfg = Release|Any CPU
		{F57FDA5B-E862-4AC6-8E82-842B7E812827}.Release|Any CPU.Build.0 = Release|Any CPU
	EndGlobalSection
	GlobalSection(SolutionProperties) = preSolution
		HideSolutionNode = FALSE
	EndGlobalSection
	GlobalSection(ExtensibilityGlobals) = postSolution
		SolutionGuid = {047FC463-539E-4C48-948A-ADBB38BE4068}
	EndGlobalSection
EndGlobal
